
Microsoft Visual Studio Solution File, Format Version 12.00
# Visual Studio 15
VisualStudioVersion = 15.0.26403.7
MinimumVisualStudioVersion = 10.0.40219.1
Project("{8BC9CEB8-8B4A-11D0-8D11-00A0C91BC942}") = "C 파워 프로그래밍 4-12", "C 파워 프로그래밍 4-12.vcxproj", "{814E313B-929C-4EBE-84D0-E134FF77360B}"
EndProject
Global
	GlobalSection(SolutionConfigurationPlatforms) = preSolution
		Debug|x64 = Debug|x64
		Debug|x86 = Debug|x86
		Release|x64 = Release|x64
		Release|x86 = Release|x86
	EndGlobalSection
	GlobalSection(ProjectConfigurationPlatforms) = postSolution
		{814E313B-929C-4EBE-84D0-E134FF77360B}.Debug|x64.ActiveCfg = Debug|x64
		{814E313B-929C-4EBE-84D0-E134FF77360B}.Debug|x64.Build.0 = Debug|x64
		{814E313B-929C-4EBE-84D0-E134FF77360B}.Debug|x86.ActiveCfg = Debug|Win32
		{814E313B-929C-4EBE-84D0-E134FF77360B}.Debug|x86.Build.0 = Debug|Win32
		{814E313B-929C-4EBE-84D0-E134FF77360B}.Release|x64.ActiveCfg = Release|x64
		{814E313B-929C-4EBE-84D0-E134FF77360B}.Release|x64.Build.0 = Release|x64
		{814E313B-929C-4EBE-84D0-E134FF77360B}.Release|x86.ActiveCfg = Release|Win32
		{814E313B-929C-4EBE-84D0-E134FF77360B}.Release|x86.Build.0 = Release|Win32
	EndGlobalSection
	GlobalSection(SolutionProperties) = preSolution
		HideSolutionNode = FALSE
	EndGlobalSection
EndGlobal
